
Microsoft Visual Studio Solution File, Format Version 12.00
# Visual Studio Version 17
VisualStudioVersion = 17.9.34728.123
MinimumVisualStudioVersion = 10.0.40219.1
Project("{9A19103F-16F7-4668-BE54-9A1E7A4F7556}") = "web_asp", "web_asp.csproj", "{F1652AEC-8C32-45FE-9B5E-16754E185EDC}"
EndProject
Global
	GlobalSection(SolutionConfigurationPlatforms) = preSolution
		Debug|Any CPU = Debug|Any CPU
		Release|Any CPU = Release|Any CPU
	EndGlobalSection
	GlobalSection(ProjectConfigurationPlatforms) = postSolution
		{F1652AEC-8C32-45FE-9B5E-16754E185EDC}.Debug|Any CPU.ActiveCfg = Debug|Any CPU
		{F1652AEC-8C32-45FE-9B5E-16754E185EDC}.Debug|Any CPU.Build.0 = Debug|Any CPU
		{F1652AEC-8C32-45FE-9B5E-16754E185EDC}.Release|Any CPU.ActiveCfg = Release|Any CPU
		{F1652AEC-8C32-45FE-9B5E-16754E185EDC}.Release|Any CPU.Build.0 = Release|Any CPU
	EndGlobalSection
	GlobalSection(SolutionProperties) = preSolution
		HideSolutionNode = FALSE
	EndGlobalSection
	GlobalSection(ExtensibilityGlobals) = postSolution
		SolutionGuid = {BE57679B-AA20-4B92-B4CE-9F65C8BA9FD2}
	EndGlobalSection
EndGlobal
